# This file is automatically @generated by Cargo.
# It is not intended for manual editing.
version = 4

[[package]]
name = "desktop"
version = "0.1.0"
dependencies = [
 "display-proto",
 "linux-uapi",
]

[[package]]
name = "display-proto"
version = "0.1.0"
dependencies = [
 "linux-uapi",
]

[[package]]
name = "linux-uapi"
version = "0.1.0"

[[package]]
name = "splash"
version = "0.1.0"
dependencies = [
 "linux-uapi",
]

[[package]]
name = "terminal"
version = "0.1.0"
dependencies = [
 "display-proto",
 "linux-uapi",
]
